// !$*UTF8*$!
{
	archiveVersion = 1;
	classes = {
	};
	objectVersion = 51;
	objects = {

/* Begin PBXBuildFile section */
		681E937B261159CA00785787 /* UIViewController+Extension.swift in Sources */ = {isa = PBXBuildFile; fileRef = 681E937A261159CA00785787 /* UIViewController+Extension.swift */; };
		681E93A42611697E00785787 /* UIButton+Extension.swift in Sources */ = {isa = PBXBuildFile; fileRef = 681E93A32611697E00785787 /* UIButton+Extension.swift */; };
		686350F2260FD44000F66ADD /* AppDelegate.swift in Sources */ = {isa = PBXBuildFile; fileRef = 686350F1260FD44000F66ADD /* AppDelegate.swift */; };
		686350F4260FD44000F66ADD /* SceneDelegate.swift in Sources */ = {isa = PBXBuildFile; fileRef = 686350F3260FD44000F66ADD /* SceneDelegate.swift */; };
		686350F9260FD44000F66ADD /* Main.storyboard in Resources */ = {isa = PBXBuildFile; fileRef = 686350F7260FD44000F66ADD /* Main.storyboard */; };
		686350FB260FD44100F66ADD /* Assets.xcassets in Resources */ = {isa = PBXBuildFile; fileRef = 686350FA260FD44100F66ADD /* Assets.xcassets */; };
		686350FE260FD44100F66ADD /* LaunchScreen.storyboard in Resources */ = {isa = PBXBuildFile; fileRef = 686350FC260FD44100F66ADD /* LaunchScreen.storyboard */; };
		68635109260FD44100F66ADD /* NutritionAnalysisTests.swift in Sources */ = {isa = PBXBuildFile; fileRef = 68635108260FD44100F66ADD /* NutritionAnalysisTests.swift */; };
		68635114260FD44100F66ADD /* NutritionAnalysisUITests.swift in Sources */ = {isa = PBXBuildFile; fileRef = 68635113260FD44100F66ADD /* NutritionAnalysisUITests.swift */; };
		6876DA7F26125569006D89E1 /* IngredientCell.swift in Sources */ = {isa = PBXBuildFile; fileRef = 6876DA7D26125569006D89E1 /* IngredientCell.swift */; };
		6876DA8026125569006D89E1 /* IngredientCell.xib in Resources */ = {isa = PBXBuildFile; fileRef = 6876DA7E26125569006D89E1 /* IngredientCell.xib */; };
		6876DA8526125D87006D89E1 /* NutritionDetailedViewModel.swift in Sources */ = {isa = PBXBuildFile; fileRef = 6876DA8426125D87006D89E1 /* NutritionDetailedViewModel.swift */; };
		6876DA8A261295C1006D89E1 /* TotalNutrientsKCal.swift in Sources */ = {isa = PBXBuildFile; fileRef = 6876DA89261295C1006D89E1 /* TotalNutrientsKCal.swift */; };
		6876DAA52612A4A0006D89E1 /* MockNutritionDetail.swift in Sources */ = {isa = PBXBuildFile; fileRef = 6876DAA42612A4A0006D89E1 /* MockNutritionDetail.swift */; };
		6876DAAA2612A6DD006D89E1 /* MockService.swift in Sources */ = {isa = PBXBuildFile; fileRef = 6876DAA92612A6DD006D89E1 /* MockService.swift */; };
		6876DAB52612AD81006D89E1 /* NewRecipeViewModelTests.swift in Sources */ = {isa = PBXBuildFile; fileRef = 6876DAB42612AD81006D89E1 /* NewRecipeViewModelTests.swift */; };
		68C077BC260FDBE400288022 /* Config.swift in Sources */ = {isa = PBXBuildFile; fileRef = 68C077BB260FDBE400288022 /* Config.swift */; };
		68C077C4260FE2F600288022 /* EdamamApi.swift in Sources */ = {isa = PBXBuildFile; fileRef = 68C077C3260FE2F600288022 /* EdamamApi.swift */; };
		68C077CB260FE32B00288022 /* UICollectionView+Extension.swift in Sources */ = {isa = PBXBuildFile; fileRef = 68C077C8260FE32B00288022 /* UICollectionView+Extension.swift */; };
		68C077CC260FE32B00288022 /* UITableView+Extension.swift in Sources */ = {isa = PBXBuildFile; fileRef = 68C077C9260FE32B00288022 /* UITableView+Extension.swift */; };
		68C077CD260FE32B00288022 /* Bindable.swift in Sources */ = {isa = PBXBuildFile; fileRef = 68C077CA260FE32B00288022 /* Bindable.swift */; };
		68C077D5260FE60C00288022 /* NewRecipeViewController.swift in Sources */ = {isa = PBXBuildFile; fileRef = 68C077D4260FE60C00288022 /* NewRecipeViewController.swift */; };
		68C077DA260FE61E00288022 /* IngredientSummaryViewController.swift in Sources */ = {isa = PBXBuildFile; fileRef = 68C077D9260FE61E00288022 /* IngredientSummaryViewController.swift */; };
		68C077DF260FE62C00288022 /* NutritionFactsViewController.swift in Sources */ = {isa = PBXBuildFile; fileRef = 68C077DE260FE62C00288022 /* NutritionFactsViewController.swift */; };
		68C077E4260FEA2900288022 /* Utils.swift in Sources */ = {isa = PBXBuildFile; fileRef = 68C077E3260FEA2900288022 /* Utils.swift */; };
		68C077E9260FF27C00288022 /* NewRecipeViewModel.swift in Sources */ = {isa = PBXBuildFile; fileRef = 68C077E8260FF27C00288022 /* NewRecipeViewModel.swift */; };
		68C078402610038B00288022 /* TotalNutrients.swift in Sources */ = {isa = PBXBuildFile; fileRef = 68C0783B2610038B00288022 /* TotalNutrients.swift */; };
		68C078412610038B00288022 /* NutritionDetailed.swift in Sources */ = {isa = PBXBuildFile; fileRef = 68C0783C2610038B00288022 /* NutritionDetailed.swift */; };
		68C078422610038B00288022 /* Nutrients.swift in Sources */ = {isa = PBXBuildFile; fileRef = 68C0783D2610038B00288022 /* Nutrients.swift */; };
		68C078432610038B00288022 /* Ingredients.swift in Sources */ = {isa = PBXBuildFile; fileRef = 68C0783E2610038B00288022 /* Ingredients.swift */; };
		68C078442610038B00288022 /* TotalDaily.swift in Sources */ = {isa = PBXBuildFile; fileRef = 68C0783F2610038B00288022 /* TotalDaily.swift */; };
		68C078492610039A00288022 /* Parsed.swift in Sources */ = {isa = PBXBuildFile; fileRef = 68C078482610039A00288022 /* Parsed.swift */; };
		68C0784E2610040C00288022 /* NutrientQuantity.swift in Sources */ = {isa = PBXBuildFile; fileRef = 68C0784D2610040C00288022 /* NutrientQuantity.swift */; };
		68C0785326100BB300288022 /* ApiNetworkManager.swift in Sources */ = {isa = PBXBuildFile; fileRef = 68C0785226100BB300288022 /* ApiNetworkManager.swift */; };
		68C0785826100DA400288022 /* String+Extension.swift in Sources */ = {isa = PBXBuildFile; fileRef = 68C0785726100DA400288022 /* String+Extension.swift */; };
		7042108FDE78D5CC55005F6A /* Pods_NutritionAnalysisTests.framework in Frameworks */ = {isa = PBXBuildFile; fileRef = 85763747798BB273576793E0 /* Pods_NutritionAnalysisTests.framework */; };
		A2438262874E34470B34B68F /* Pods_NutritionAnalysis.framework in Frameworks */ = {isa = PBXBuildFile; fileRef = 5239FA0830A32EC4A527B172 /* Pods_NutritionAnalysis.framework */; };
		D01102AB8B54072C0762E2CE /* Pods_NutritionAnalysis_NutritionAnalysisUITests.framework in Frameworks */ = {isa = PBXBuildFile; fileRef = DFABA8F699F8A20F8645EA1F /* Pods_NutritionAnalysis_NutritionAnalysisUITests.framework */; };
/* End PBXBuildFile section */

/* Begin PBXContainerItemProxy section */
		68635105260FD44100F66ADD /* PBXContainerItemProxy */ = {
			isa = PBXContainerItemProxy;
			containerPortal = 686350E6260FD43F00F66ADD /* Project object */;
			proxyType = 1;
			remoteGlobalIDString = 686350ED260FD44000F66ADD;
			remoteInfo = NutritionAnalysis;
		};
		68635110260FD44100F66ADD /* PBXContainerItemProxy */ = {
			isa = PBXContainerItemProxy;
			containerPortal = 686350E6260FD43F00F66ADD /* Project object */;
			proxyType = 1;
			remoteGlobalIDString = 686350ED260FD44000F66ADD;
			remoteInfo = NutritionAnalysis;
		};
/* End PBXContainerItemProxy section */

/* Begin PBXFileReference section */
		10076E93C453255239A60429 /* Pods-NutritionAnalysis-NutritionAnalysisUITests.release.xcconfig */ = {isa = PBXFileReference; includeInIndex = 1; lastKnownFileType = text.xcconfig; name = "Pods-NutritionAnalysis-NutritionAnalysisUITests.release.xcconfig"; path = "Target Support Files/Pods-NutritionAnalysis-NutritionAnalysisUITests/Pods-NutritionAnalysis-NutritionAnalysisUITests.release.xcconfig"; sourceTree = "<group>"; };
		1F3FB63BB5E7B8ADCEBCB0D6 /* Pods-NutritionAnalysisTests.debug.xcconfig */ = {isa = PBXFileReference; includeInIndex = 1; lastKnownFileType = text.xcconfig; name = "Pods-NutritionAnalysisTests.debug.xcconfig"; path = "Target Support Files/Pods-NutritionAnalysisTests/Pods-NutritionAnalysisTests.debug.xcconfig"; sourceTree = "<group>"; };
		2A4F3F83DA53FE4B86EEB6C3 /* Pods-NutritionAnalysis.release.xcconfig */ = {isa = PBXFileReference; includeInIndex = 1; lastKnownFileType = text.xcconfig; name = "Pods-NutritionAnalysis.release.xcconfig"; path = "Target Support Files/Pods-NutritionAnalysis/Pods-NutritionAnalysis.release.xcconfig"; sourceTree = "<group>"; };
		2A96C9CF8BE549DF7B2685E9 /* Pods-NutritionAnalysis.debug.xcconfig */ = {isa = PBXFileReference; includeInIndex = 1; lastKnownFileType = text.xcconfig; name = "Pods-NutritionAnalysis.debug.xcconfig"; path = "Target Support Files/Pods-NutritionAnalysis/Pods-NutritionAnalysis.debug.xcconfig"; sourceTree = "<group>"; };
		5239FA0830A32EC4A527B172 /* Pods_NutritionAnalysis.framework */ = {isa = PBXFileReference; explicitFileType = wrapper.framework; includeInIndex = 0; path = Pods_NutritionAnalysis.framework; sourceTree = BUILT_PRODUCTS_DIR; };
		56403CE78ACD5CC60DA0C1B1 /* Pods-NutritionAnalysis-NutritionAnalysisUITests.debug.xcconfig */ = {isa = PBXFileReference; includeInIndex = 1; lastKnownFileType = text.xcconfig; name = "Pods-NutritionAnalysis-NutritionAnalysisUITests.debug.xcconfig"; path = "Target Support Files/Pods-NutritionAnalysis-NutritionAnalysisUITests/Pods-NutritionAnalysis-NutritionAnalysisUITests.debug.xcconfig"; sourceTree = "<group>"; };
		681E937A261159CA00785787 /* UIViewController+Extension.swift */ = {isa = PBXFileReference; lastKnownFileType = sourcecode.swift; path = "UIViewController+Extension.swift"; sourceTree = "<group>"; };
		681E93A32611697E00785787 /* UIButton+Extension.swift */ = {isa = PBXFileReference; lastKnownFileType = sourcecode.swift; path = "UIButton+Extension.swift"; sourceTree = "<group>"; };
		686350EE260FD44000F66ADD /* NutritionAnalysis.app */ = {isa = PBXFileReference; explicitFileType = wrapper.application; includeInIndex = 0; path = NutritionAnalysis.app; sourceTree = BUILT_PRODUCTS_DIR; };
		686350F1260FD44000F66ADD /* AppDelegate.swift */ = {isa = PBXFileReference; lastKnownFileType = sourcecode.swift; path = AppDelegate.swift; sourceTree = "<group>"; };
		686350F3260FD44000F66ADD /* SceneDelegate.swift */ = {isa = PBXFileReference; lastKnownFileType = sourcecode.swift; path = SceneDelegate.swift; sourceTree = "<group>"; };
		686350F8260FD44000F66ADD /* Base */ = {isa = PBXFileReference; lastKnownFileType = file.storyboard; name = Base; path = Base.lproj/Main.storyboard; sourceTree = "<group>"; };
		686350FA260FD44100F66ADD /* Assets.xcassets */ = {isa = PBXFileReference; lastKnownFileType = folder.assetcatalog; path = Assets.xcassets; sourceTree = "<group>"; };
		686350FD260FD44100F66ADD /* Base */ = {isa = PBXFileReference; lastKnownFileType = file.storyboard; name = Base; path = Base.lproj/LaunchScreen.storyboard; sourceTree = "<group>"; };
		686350FF260FD44100F66ADD /* Info.plist */ = {isa = PBXFileReference; lastKnownFileType = text.plist.xml; path = Info.plist; sourceTree = "<group>"; };
		68635104260FD44100F66ADD /* NutritionAnalysisTests.xctest */ = {isa = PBXFileReference; explicitFileType = wrapper.cfbundle; includeInIndex = 0; path = NutritionAnalysisTests.xctest; sourceTree = BUILT_PRODUCTS_DIR; };
		68635108260FD44100F66ADD /* NutritionAnalysisTests.swift */ = {isa = PBXFileReference; lastKnownFileType = sourcecode.swift; path = NutritionAnalysisTests.swift; sourceTree = "<group>"; };
		6863510A260FD44100F66ADD /* Info.plist */ = {isa = PBXFileReference; lastKnownFileType = text.plist.xml; path = Info.plist; sourceTree = "<group>"; };
		6863510F260FD44100F66ADD /* NutritionAnalysisUITests.xctest */ = {isa = PBXFileReference; explicitFileType = wrapper.cfbundle; includeInIndex = 0; path = NutritionAnalysisUITests.xctest; sourceTree = BUILT_PRODUCTS_DIR; };
		68635113260FD44100F66ADD /* NutritionAnalysisUITests.swift */ = {isa = PBXFileReference; lastKnownFileType = sourcecode.swift; path = NutritionAnalysisUITests.swift; sourceTree = "<group>"; };
		68635115260FD44100F66ADD /* Info.plist */ = {isa = PBXFileReference; lastKnownFileType = text.plist.xml; path = Info.plist; sourceTree = "<group>"; };
		6876DA7D26125569006D89E1 /* IngredientCell.swift */ = {isa = PBXFileReference; lastKnownFileType = sourcecode.swift; path = IngredientCell.swift; sourceTree = "<group>"; };
		6876DA7E26125569006D89E1 /* IngredientCell.xib */ = {isa = PBXFileReference; lastKnownFileType = file.xib; path = IngredientCell.xib; sourceTree = "<group>"; };
		6876DA8426125D87006D89E1 /* NutritionDetailedViewModel.swift */ = {isa = PBXFileReference; lastKnownFileType = sourcecode.swift; path = NutritionDetailedViewModel.swift; sourceTree = "<group>"; };
		6876DA89261295C1006D89E1 /* TotalNutrientsKCal.swift */ = {isa = PBXFileReference; fileEncoding = 4; lastKnownFileType = sourcecode.swift; path = TotalNutrientsKCal.swift; sourceTree = "<group>"; };
		6876DAA42612A4A0006D89E1 /* MockNutritionDetail.swift */ = {isa = PBXFileReference; lastKnownFileType = sourcecode.swift; path = MockNutritionDetail.swift; sourceTree = "<group>"; };
		6876DAA92612A6DD006D89E1 /* MockService.swift */ = {isa = PBXFileReference; lastKnownFileType = sourcecode.swift; path = MockService.swift; sourceTree = "<group>"; };
		6876DAB42612AD81006D89E1 /* NewRecipeViewModelTests.swift */ = {isa = PBXFileReference; lastKnownFileType = sourcecode.swift; path = NewRecipeViewModelTests.swift; sourceTree = "<group>"; };
		68C077BB260FDBE400288022 /* Config.swift */ = {isa = PBXFileReference; lastKnownFileType = sourcecode.swift; path = Config.swift; sourceTree = "<group>"; };
		68C077C3260FE2F600288022 /* EdamamApi.swift */ = {isa = PBXFileReference; lastKnownFileType = sourcecode.swift; path = EdamamApi.swift; sourceTree = "<group>"; };
		68C077C8260FE32B00288022 /* UICollectionView+Extension.swift */ = {isa = PBXFileReference; fileEncoding = 4; lastKnownFileType = sourcecode.swift; path = "UICollectionView+Extension.swift"; sourceTree = "<group>"; };
		68C077C9260FE32B00288022 /* UITableView+Extension.swift */ = {isa = PBXFileReference; fileEncoding = 4; lastKnownFileType = sourcecode.swift; path = "UITableView+Extension.swift"; sourceTree = "<group>"; };
		68C077CA260FE32B00288022 /* Bindable.swift */ = {isa = PBXFileReference; fileEncoding = 4; lastKnownFileType = sourcecode.swift; path = Bindable.swift; sourceTree = "<group>"; };
		68C077D4260FE60C00288022 /* NewRecipeViewController.swift */ = {isa = PBXFileReference; lastKnownFileType = sourcecode.swift; path = NewRecipeViewController.swift; sourceTree = "<group>"; };
		68C077D9260FE61E00288022 /* IngredientSummaryViewController.swift */ = {isa = PBXFileReference; lastKnownFileType = sourcecode.swift; path = IngredientSummaryViewController.swift; sourceTree = "<group>"; };
		68C077DE260FE62C00288022 /* NutritionFactsViewController.swift */ = {isa = PBXFileReference; lastKnownFileType = sourcecode.swift; path = NutritionFactsViewController.swift; sourceTree = "<group>"; };
		68C077E3260FEA2900288022 /* Utils.swift */ = {isa = PBXFileReference; fileEncoding = 4; lastKnownFileType = sourcecode.swift; path = Utils.swift; sourceTree = "<group>"; };
		68C077E8260FF27C00288022 /* NewRecipeViewModel.swift */ = {isa = PBXFileReference; lastKnownFileType = sourcecode.swift; path = NewRecipeViewModel.swift; sourceTree = "<group>"; };
		68C0783B2610038B00288022 /* TotalNutrients.swift */ = {isa = PBXFileReference; fileEncoding = 4; lastKnownFileType = sourcecode.swift; path = TotalNutrients.swift; sourceTree = "<group>"; };
		68C0783C2610038B00288022 /* NutritionDetailed.swift */ = {isa = PBXFileReference; fileEncoding = 4; lastKnownFileType = sourcecode.swift; path = NutritionDetailed.swift; sourceTree = "<group>"; };
		68C0783D2610038B00288022 /* Nutrients.swift */ = {isa = PBXFileReference; fileEncoding = 4; lastKnownFileType = sourcecode.swift; path = Nutrients.swift; sourceTree = "<group>"; };
		68C0783E2610038B00288022 /* Ingredients.swift */ = {isa = PBXFileReference; fileEncoding = 4; lastKnownFileType = sourcecode.swift; path = Ingredients.swift; sourceTree = "<group>"; };
		68C0783F2610038B00288022 /* TotalDaily.swift */ = {isa = PBXFileReference; fileEncoding = 4; lastKnownFileType = sourcecode.swift; path = TotalDaily.swift; sourceTree = "<group>"; };
		68C078482610039A00288022 /* Parsed.swift */ = {isa = PBXFileReference; fileEncoding = 4; lastKnownFileType = sourcecode.swift; path = Parsed.swift; sourceTree = "<group>"; };
		68C0784D2610040C00288022 /* NutrientQuantity.swift */ = {isa = PBXFileReference; lastKnownFileType = sourcecode.swift; path = NutrientQuantity.swift; sourceTree = "<group>"; };
		68C0785226100BB300288022 /* ApiNetworkManager.swift */ = {isa = PBXFileReference; lastKnownFileType = sourcecode.swift; path = ApiNetworkManager.swift; sourceTree = "<group>"; };
		68C0785726100DA400288022 /* String+Extension.swift */ = {isa = PBXFileReference; lastKnownFileType = sourcecode.swift; path = "String+Extension.swift"; sourceTree = "<group>"; };
		85763747798BB273576793E0 /* Pods_NutritionAnalysisTests.framework */ = {isa = PBXFileReference; explicitFileType = wrapper.framework; includeInIndex = 0; path = Pods_NutritionAnalysisTests.framework; sourceTree = BUILT_PRODUCTS_DIR; };
		D5AAE8FCECAE19034D9EB9B1 /* Pods-NutritionAnalysisTests.release.xcconfig */ = {isa = PBXFileReference; includeInIndex = 1; lastKnownFileType = text.xcconfig; name = "Pods-NutritionAnalysisTests.release.xcconfig"; path = "Target Support Files/Pods-NutritionAnalysisTests/Pods-NutritionAnalysisTests.release.xcconfig"; sourceTree = "<group>"; };
		DFABA8F699F8A20F8645EA1F /* Pods_NutritionAnalysis_NutritionAnalysisUITests.framework */ = {isa = PBXFileReference; explicitFileType = wrapper.framework; includeInIndex = 0; path = Pods_NutritionAnalysis_NutritionAnalysisUITests.framework; sourceTree = BUILT_PRODUCTS_DIR; };
/* End PBXFileReference section */

/* Begin PBXFrameworksBuildPhase section */
		686350EB260FD44000F66ADD /* Frameworks */ = {
			isa = PBXFrameworksBuildPhase;
			buildActionMask = 2147483647;
			files = (
				A2438262874E34470B34B68F /* Pods_NutritionAnalysis.framework in Frameworks */,
			);
			runOnlyForDeploymentPostprocessing = 0;
		};
		68635101260FD44100F66ADD /* Frameworks */ = {
			isa = PBXFrameworksBuildPhase;
			buildActionMask = 2147483647;
			files = (
				7042108FDE78D5CC55005F6A /* Pods_NutritionAnalysisTests.framework in Frameworks */,
			);
			runOnlyForDeploymentPostprocessing = 0;
		};
		6863510C260FD44100F66ADD /* Frameworks */ = {
			isa = PBXFrameworksBuildPhase;
			buildActionMask = 2147483647;
			files = (
				D01102AB8B54072C0762E2CE /* Pods_NutritionAnalysis_NutritionAnalysisUITests.framework in Frameworks */,
			);
			runOnlyForDeploymentPostprocessing = 0;
		};
/* End PBXFrameworksBuildPhase section */

/* Begin PBXGroup section */
		2CC738DB32313FF82AFAB243 /* Pods */ = {
			isa = PBXGroup;
			children = (
				2A96C9CF8BE549DF7B2685E9 /* Pods-NutritionAnalysis.debug.xcconfig */,
				2A4F3F83DA53FE4B86EEB6C3 /* Pods-NutritionAnalysis.release.xcconfig */,
				56403CE78ACD5CC60DA0C1B1 /* Pods-NutritionAnalysis-NutritionAnalysisUITests.debug.xcconfig */,
				10076E93C453255239A60429 /* Pods-NutritionAnalysis-NutritionAnalysisUITests.release.xcconfig */,
				1F3FB63BB5E7B8ADCEBCB0D6 /* Pods-NutritionAnalysisTests.debug.xcconfig */,
				D5AAE8FCECAE19034D9EB9B1 /* Pods-NutritionAnalysisTests.release.xcconfig */,
			);
			path = Pods;
			sourceTree = "<group>";
		};
		3DD9389935BF9B576FCE170B /* Frameworks */ = {
			isa = PBXGroup;
			children = (
				5239FA0830A32EC4A527B172 /* Pods_NutritionAnalysis.framework */,
				DFABA8F699F8A20F8645EA1F /* Pods_NutritionAnalysis_NutritionAnalysisUITests.framework */,
				85763747798BB273576793E0 /* Pods_NutritionAnalysisTests.framework */,
			);
			name = Frameworks;
			sourceTree = "<group>";
		};
		686350E5260FD43F00F66ADD = {
			isa = PBXGroup;
			children = (
				686350F0260FD44000F66ADD /* NutritionAnalysis */,
				68635107260FD44100F66ADD /* NutritionAnalysisTests */,
				68635112260FD44100F66ADD /* NutritionAnalysisUITests */,
				686350EF260FD44000F66ADD /* Products */,
				2CC738DB32313FF82AFAB243 /* Pods */,
				3DD9389935BF9B576FCE170B /* Frameworks */,
			);
			sourceTree = "<group>";
		};
		686350EF260FD44000F66ADD /* Products */ = {
			isa = PBXGroup;
			children = (
				686350EE260FD44000F66ADD /* NutritionAnalysis.app */,
				68635104260FD44100F66ADD /* NutritionAnalysisTests.xctest */,
				6863510F260FD44100F66ADD /* NutritionAnalysisUITests.xctest */,
			);
			name = Products;
			sourceTree = "<group>";
		};
		686350F0260FD44000F66ADD /* NutritionAnalysis */ = {
			isa = PBXGroup;
			children = (
				68C077B3260FDB6100288022 /* Service */,
				68C077B4260FDB6F00288022 /* Helpers */,
				68C077B5260FDB7700288022 /* Model */,
				68C077B6260FDB8500288022 /* Scene */,
				686350F1260FD44000F66ADD /* AppDelegate.swift */,
				686350F3260FD44000F66ADD /* SceneDelegate.swift */,
				686350F7260FD44000F66ADD /* Main.storyboard */,
				686350FA260FD44100F66ADD /* Assets.xcassets */,
				686350FC260FD44100F66ADD /* LaunchScreen.storyboard */,
				686350FF260FD44100F66ADD /* Info.plist */,
			);
			path = NutritionAnalysis;
			sourceTree = "<group>";
		};
		68635107260FD44100F66ADD /* NutritionAnalysisTests */ = {
			isa = PBXGroup;
			children = (
				6876DAB42612AD81006D89E1 /* NewRecipeViewModelTests.swift */,
				68635108260FD44100F66ADD /* NutritionAnalysisTests.swift */,
				6876DAA92612A6DD006D89E1 /* MockService.swift */,
				6876DAA42612A4A0006D89E1 /* MockNutritionDetail.swift */,
				6863510A260FD44100F66ADD /* Info.plist */,
			);
			path = NutritionAnalysisTests;
			sourceTree = "<group>";
		};
		68635112260FD44100F66ADD /* NutritionAnalysisUITests */ = {
			isa = PBXGroup;
			children = (
				68635113260FD44100F66ADD /* NutritionAnalysisUITests.swift */,
				68635115260FD44100F66ADD /* Info.plist */,
			);
			path = NutritionAnalysisUITests;
			sourceTree = "<group>";
		};
		6876DA7A26125522006D89E1 /* Views */ = {
			isa = PBXGroup;
			children = (
				6876DA7D26125569006D89E1 /* IngredientCell.swift */,
				6876DA7E26125569006D89E1 /* IngredientCell.xib */,
			);
			path = Views;
			sourceTree = "<group>";
		};
		6876DA7B26125533006D89E1 /* ViewModels */ = {
			isa = PBXGroup;
			children = (
			);
			path = ViewModels;
			sourceTree = "<group>";
		};
		6876DA7C26125543006D89E1 /* ViewController */ = {
			isa = PBXGroup;
			children = (
				68C077D9260FE61E00288022 /* IngredientSummaryViewController.swift */,
			);
			path = ViewController;
			sourceTree = "<group>";
		};
		68C077B3260FDB6100288022 /* Service */ = {
			isa = PBXGroup;
			children = (
				68C077BA260FDBCE00288022 /* EdamamApi */,
			);
			path = Service;
			sourceTree = "<group>";
		};
		68C077B4260FDB6F00288022 /* Helpers */ = {
			isa = PBXGroup;
			children = (
				68C077E3260FEA2900288022 /* Utils.swift */,
				68C077CA260FE32B00288022 /* Bindable.swift */,
				68C077C8260FE32B00288022 /* UICollectionView+Extension.swift */,
				68C077C9260FE32B00288022 /* UITableView+Extension.swift */,
				68C0785726100DA400288022 /* String+Extension.swift */,
				681E937A261159CA00785787 /* UIViewController+Extension.swift */,
				681E93A32611697E00785787 /* UIButton+Extension.swift */,
			);
			path = Helpers;
			sourceTree = "<group>";
		};
		68C077B5260FDB7700288022 /* Model */ = {
			isa = PBXGroup;
			children = (
				68C078482610039A00288022 /* Parsed.swift */,
				68C0783E2610038B00288022 /* Ingredients.swift */,
				68C0783D2610038B00288022 /* Nutrients.swift */,
				68C0783C2610038B00288022 /* NutritionDetailed.swift */,
				68C0783F2610038B00288022 /* TotalDaily.swift */,
				68C0783B2610038B00288022 /* TotalNutrients.swift */,
				68C0784D2610040C00288022 /* NutrientQuantity.swift */,
				6876DA89261295C1006D89E1 /* TotalNutrientsKCal.swift */,
			);
			path = Model;
			sourceTree = "<group>";
		};
		68C077B6260FDB8500288022 /* Scene */ = {
			isa = PBXGroup;
			children = (
				68C077D1260FE45800288022 /* RecipeScene */,
				68C077D2260FE46000288022 /* IngredientSummaryScene */,
				68C077D3260FE4B000288022 /* NutritionFactsScene */,
			);
			path = Scene;
			sourceTree = "<group>";
		};
		68C077BA260FDBCE00288022 /* EdamamApi */ = {
			isa = PBXGroup;
			children = (
				68C077BB260FDBE400288022 /* Config.swift */,
				68C077C3260FE2F600288022 /* EdamamApi.swift */,
				68C0785226100BB300288022 /* ApiNetworkManager.swift */,
			);
			path = EdamamApi;
			sourceTree = "<group>";
		};
		68C077D1260FE45800288022 /* RecipeScene */ = {
			isa = PBXGroup;
			children = (
				68C077EE260FF28F00288022 /* ViewModel */,
				68C077ED260FF28400288022 /* ViewController */,
			);
			path = RecipeScene;
			sourceTree = "<group>";
		};
		68C077D2260FE46000288022 /* IngredientSummaryScene */ = {
			isa = PBXGroup;
			children = (
				6876DA7B26125533006D89E1 /* ViewModels */,
				6876DA7A26125522006D89E1 /* Views */,
				6876DA7C26125543006D89E1 /* ViewController */,
			);
			path = IngredientSummaryScene;
			sourceTree = "<group>";
		};
		68C077D3260FE4B000288022 /* NutritionFactsScene */ = {
			isa = PBXGroup;
			children = (
				68C077DE260FE62C00288022 /* NutritionFactsViewController.swift */,
			);
			path = NutritionFactsScene;
			sourceTree = "<group>";
		};
		68C077ED260FF28400288022 /* ViewController */ = {
			isa = PBXGroup;
			children = (
				68C077D4260FE60C00288022 /* NewRecipeViewController.swift */,
			);
			path = ViewController;
			sourceTree = "<group>";
		};
		68C077EE260FF28F00288022 /* ViewModel */ = {
			isa = PBXGroup;
			children = (
				68C077E8260FF27C00288022 /* NewRecipeViewModel.swift */,
				6876DA8426125D87006D89E1 /* NutritionDetailedViewModel.swift */,
			);
			path = ViewModel;
			sourceTree = "<group>";
		};
/* End PBXGroup section */

/* Begin PBXNativeTarget section */
		686350ED260FD44000F66ADD /* NutritionAnalysis */ = {
			isa = PBXNativeTarget;
			buildConfigurationList = 68635118260FD44100F66ADD /* Build configuration list for PBXNativeTarget "NutritionAnalysis" */;
			buildPhases = (
				7804A2C9E80F396BC44B5D60 /* [CP] Check Pods Manifest.lock */,
				686350EA260FD44000F66ADD /* Sources */,
				686350EB260FD44000F66ADD /* Frameworks */,
				686350EC260FD44000F66ADD /* Resources */,
				71C620A8AE5F2C1EAD84D334 /* [CP] Embed Pods Frameworks */,
			);
			buildRules = (
			);
			dependencies = (
			);
			name = NutritionAnalysis;
			productName = NutritionAnalysis;
			productReference = 686350EE260FD44000F66ADD /* NutritionAnalysis.app */;
			productType = "com.apple.product-type.application";
		};
		68635103260FD44100F66ADD /* NutritionAnalysisTests */ = {
			isa = PBXNativeTarget;
			buildConfigurationList = 6863511B260FD44100F66ADD /* Build configuration list for PBXNativeTarget "NutritionAnalysisTests" */;
			buildPhases = (
				58B84DE66C8931FBAD49D3C3 /* [CP] Check Pods Manifest.lock */,
				68635100260FD44100F66ADD /* Sources */,
				68635101260FD44100F66ADD /* Frameworks */,
				68635102260FD44100F66ADD /* Resources */,
			);
			buildRules = (
			);
			dependencies = (
				68635106260FD44100F66ADD /* PBXTargetDependency */,
			);
			name = NutritionAnalysisTests;
			productName = NutritionAnalysisTests;
			productReference = 68635104260FD44100F66ADD /* NutritionAnalysisTests.xctest */;
			productType = "com.apple.product-type.bundle.unit-test";
		};
		6863510E260FD44100F66ADD /* NutritionAnalysisUITests */ = {
			isa = PBXNativeTarget;
			buildConfigurationList = 6863511E260FD44100F66ADD /* Build configuration list for PBXNativeTarget "NutritionAnalysisUITests" */;
			buildPhases = (
				146883166C1A5735C3727686 /* [CP] Check Pods Manifest.lock */,
				6863510B260FD44100F66ADD /* Sources */,
				6863510C260FD44100F66ADD /* Frameworks */,
				6863510D260FD44100F66ADD /* Resources */,
				F9B25A21533101DBEB04A5A7 /* [CP] Embed Pods Frameworks */,
			);
			buildRules = (
			);
			dependencies = (
				68635111260FD44100F66ADD /* PBXTargetDependency */,
			);
			name = NutritionAnalysisUITests;
			productName = NutritionAnalysisUITests;
			productReference = 6863510F260FD44100F66ADD /* NutritionAnalysisUITests.xctest */;
			productType = "com.apple.product-type.bundle.ui-testing";
		};
/* End PBXNativeTarget section */

/* Begin PBXProject section */
		686350E6260FD43F00F66ADD /* Project object */ = {
			isa = PBXProject;
			attributes = {
				LastSwiftUpdateCheck = 1240;
				LastUpgradeCheck = 1240;
				TargetAttributes = {
					686350ED260FD44000F66ADD = {
						CreatedOnToolsVersion = 12.4;
					};
					68635103260FD44100F66ADD = {
						CreatedOnToolsVersion = 12.4;
						TestTargetID = 686350ED260FD44000F66ADD;
					};
					6863510E260FD44100F66ADD = {
						CreatedOnToolsVersion = 12.4;
						TestTargetID = 686350ED260FD44000F66ADD;
					};
				};
			};
			buildConfigurationList = 686350E9260FD43F00F66ADD /* Build configuration list for PBXProject "NutritionAnalysis" */;
			compatibilityVersion = "Xcode 9.3";
			developmentRegion = en;
			hasScannedForEncodings = 0;
			knownRegions = (
				en,
				Base,
			);
			mainGroup = 686350E5260FD43F00F66ADD;
			productRefGroup = 686350EF260FD44000F66ADD /* Products */;
			projectDirPath = "";
			projectRoot = "";
			targets = (
				686350ED260FD44000F66ADD /* NutritionAnalysis */,
				68635103260FD44100F66ADD /* NutritionAnalysisTests */,
				6863510E260FD44100F66ADD /* NutritionAnalysisUITests */,
			);
		};
/* End PBXProject section */

/* Begin PBXResourcesBuildPhase section */
		686350EC260FD44000F66ADD /* Resources */ = {
			isa = PBXResourcesBuildPhase;
			buildActionMask = 2147483647;
			files = (
				6876DA8026125569006D89E1 /* IngredientCell.xib in Resources */,
				686350FE260FD44100F66ADD /* LaunchScreen.storyboard in Resources */,
				686350FB260FD44100F66ADD /* Assets.xcassets in Resources */,
				686350F9260FD44000F66ADD /* Main.storyboard in Resources */,
			);
			runOnlyForDeploymentPostprocessing = 0;
		};
		68635102260FD44100F66ADD /* Resources */ = {
			isa = PBXResourcesBuildPhase;
			buildActionMask = 2147483647;
			files = (
			);
			runOnlyForDeploymentPostprocessing = 0;
		};
		6863510D260FD44100F66ADD /* Resources */ = {
			isa = PBXResourcesBuildPhase;
			buildActionMask = 2147483647;
			files = (
			);
			runOnlyForDeploymentPostprocessing = 0;
		};
/* End PBXResourcesBuildPhase section */

/* Begin PBXShellScriptBuildPhase section */
		146883166C1A5735C3727686 /* [CP] Check Pods Manifest.lock */ = {
			isa = PBXShellScriptBuildPhase;
			buildActionMask = 2147483647;
			files = (
			);
			inputFileListPaths = (
			);
			inputPaths = (
				"${PODS_PODFILE_DIR_PATH}/Podfile.lock",
				"${PODS_ROOT}/Manifest.lock",
			);
			name = "[CP] Check Pods Manifest.lock";
			outputFileListPaths = (
			);
			outputPaths = (
				"$(DERIVED_FILE_DIR)/Pods-NutritionAnalysis-NutritionAnalysisUITests-checkManifestLockResult.txt",
			);
			runOnlyForDeploymentPostprocessing = 0;
			shellPath = /bin/sh;
			shellScript = "diff \"${PODS_PODFILE_DIR_PATH}/Podfile.lock\" \"${PODS_ROOT}/Manifest.lock\" > /dev/null\nif [ $? != 0 ] ; then\n    # print error to STDERR\n    echo \"error: The sandbox is not in sync with the Podfile.lock. Run 'pod install' or update your CocoaPods installation.\" >&2\n    exit 1\nfi\n# This output is used by Xcode 'outputs' to avoid re-running this script phase.\necho \"SUCCESS\" > \"${SCRIPT_OUTPUT_FILE_0}\"\n";
			showEnvVarsInLog = 0;
		};
		58B84DE66C8931FBAD49D3C3 /* [CP] Check Pods Manifest.lock */ = {
			isa = PBXShellScriptBuildPhase;
			buildActionMask = 2147483647;
			files = (
			);
			inputFileListPaths = (
			);
			inputPaths = (
				"${PODS_PODFILE_DIR_PATH}/Podfile.lock",
				"${PODS_ROOT}/Manifest.lock",
			);
			name = "[CP] Check Pods Manifest.lock";
			outputFileListPaths = (
			);
			outputPaths = (
				"$(DERIVED_FILE_DIR)/Pods-NutritionAnalysisTests-checkManifestLockResult.txt",
			);
			runOnlyForDeploymentPostprocessing = 0;
			shellPath = /bin/sh;
			shellScript = "diff \"${PODS_PODFILE_DIR_PATH}/Podfile.lock\" \"${PODS_ROOT}/Manifest.lock\" > /dev/null\nif [ $? != 0 ] ; then\n    # print error to STDERR\n    echo \"error: The sandbox is not in sync with the Podfile.lock. Run 'pod install' or update your CocoaPods installation.\" >&2\n    exit 1\nfi\n# This output is used by Xcode 'outputs' to avoid re-running this script phase.\necho \"SUCCESS\" > \"${SCRIPT_OUTPUT_FILE_0}\"\n";
			showEnvVarsInLog = 0;
		};
		71C620A8AE5F2C1EAD84D334 /* [CP] Embed Pods Frameworks */ = {
			isa = PBXShellScriptBuildPhase;
			buildActionMask = 2147483647;
			files = (
			);
			inputFileListPaths = (
				"${PODS_ROOT}/Target Support Files/Pods-NutritionAnalysis/Pods-NutritionAnalysis-frameworks-${CONFIGURATION}-input-files.xcfilelist",
			);
			name = "[CP] Embed Pods Frameworks";
			outputFileListPaths = (
				"${PODS_ROOT}/Target Support Files/Pods-NutritionAnalysis/Pods-NutritionAnalysis-frameworks-${CONFIGURATION}-output-files.xcfilelist",
			);
			runOnlyForDeploymentPostprocessing = 0;
			shellPath = /bin/sh;
			shellScript = "\"${PODS_ROOT}/Target Support Files/Pods-NutritionAnalysis/Pods-NutritionAnalysis-frameworks.sh\"\n";
			showEnvVarsInLog = 0;
		};
		7804A2C9E80F396BC44B5D60 /* [CP] Check Pods Manifest.lock */ = {
			isa = PBXShellScriptBuildPhase;
			buildActionMask = 2147483647;
			files = (
			);
			inputFileListPaths = (
			);
			inputPaths = (
				"${PODS_PODFILE_DIR_PATH}/Podfile.lock",
				"${PODS_ROOT}/Manifest.lock",
			);
			name = "[CP] Check Pods Manifest.lock";
			outputFileListPaths = (
			);
			outputPaths = (
				"$(DERIVED_FILE_DIR)/Pods-NutritionAnalysis-checkManifestLockResult.txt",
			);
			runOnlyForDeploymentPostprocessing = 0;
			shellPath = /bin/sh;
			shellScript = "diff \"${PODS_PODFILE_DIR_PATH}/Podfile.lock\" \"${PODS_ROOT}/Manifest.lock\" > /dev/null\nif [ $? != 0 ] ; then\n    # print error to STDERR\n    echo \"error: The sandbox is not in sync with the Podfile.lock. Run 'pod install' or update your CocoaPods installation.\" >&2\n    exit 1\nfi\n# This output is used by Xcode 'outputs' to avoid re-running this script phase.\necho \"SUCCESS\" > \"${SCRIPT_OUTPUT_FILE_0}\"\n";
			showEnvVarsInLog = 0;
		};
		F9B25A21533101DBEB04A5A7 /* [CP] Embed Pods Frameworks */ = {
			isa = PBXShellScriptBuildPhase;
			buildActionMask = 2147483647;
			files = (
			);
			inputFileListPaths = (
				"${PODS_ROOT}/Target Support Files/Pods-NutritionAnalysis-NutritionAnalysisUITests/Pods-NutritionAnalysis-NutritionAnalysisUITests-frameworks-${CONFIGURATION}-input-files.xcfilelist",
			);
			name = "[CP] Embed Pods Frameworks";
			outputFileListPaths = (
				"${PODS_ROOT}/Target Support Files/Pods-NutritionAnalysis-NutritionAnalysisUITests/Pods-NutritionAnalysis-NutritionAnalysisUITests-frameworks-${CONFIGURATION}-output-files.xcfilelist",
			);
			runOnlyForDeploymentPostprocessing = 0;
			shellPath = /bin/sh;
			shellScript = "\"${PODS_ROOT}/Target Support Files/Pods-NutritionAnalysis-NutritionAnalysisUITests/Pods-NutritionAnalysis-NutritionAnalysisUITests-frameworks.sh\"\n";
			showEnvVarsInLog = 0;
		};
/* End PBXShellScriptBuildPhase section */

/* Begin PBXSourcesBuildPhase section */
		686350EA260FD44000F66ADD /* Sources */ = {
			isa = PBXSourcesBuildPhase;
			buildActionMask = 2147483647;
			files = (
				686350F2260FD44000F66ADD /* AppDelegate.swift in Sources */,
				68C0785826100DA400288022 /* String+Extension.swift in Sources */,
				68C077D5260FE60C00288022 /* NewRecipeViewController.swift in Sources */,
				68C077DA260FE61E00288022 /* IngredientSummaryViewController.swift in Sources */,
				6876DA8A261295C1006D89E1 /* TotalNutrientsKCal.swift in Sources */,
				6876DA8526125D87006D89E1 /* NutritionDetailedViewModel.swift in Sources */,
				68C077CD260FE32B00288022 /* Bindable.swift in Sources */,
				68C0784E2610040C00288022 /* NutrientQuantity.swift in Sources */,
				68C0785326100BB300288022 /* ApiNetworkManager.swift in Sources */,
				68C078422610038B00288022 /* Nutrients.swift in Sources */,
				6876DA7F26125569006D89E1 /* IngredientCell.swift in Sources */,
				68C078412610038B00288022 /* NutritionDetailed.swift in Sources */,
				68C077CB260FE32B00288022 /* UICollectionView+Extension.swift in Sources */,
				68C077E9260FF27C00288022 /* NewRecipeViewModel.swift in Sources */,
				68C078432610038B00288022 /* Ingredients.swift in Sources */,
				681E937B261159CA00785787 /* UIViewController+Extension.swift in Sources */,
				68C077C4260FE2F600288022 /* EdamamApi.swift in Sources */,
				686350F4260FD44000F66ADD /* SceneDelegate.swift in Sources */,
				68C077E4260FEA2900288022 /* Utils.swift in Sources */,
				68C077BC260FDBE400288022 /* Config.swift in Sources */,
				68C078402610038B00288022 /* TotalNutrients.swift in Sources */,
				68C078492610039A00288022 /* Parsed.swift in Sources */,
				68C078442610038B00288022 /* TotalDaily.swift in Sources */,
				68C077CC260FE32B00288022 /* UITableView+Extension.swift in Sources */,
				681E93A42611697E00785787 /* UIButton+Extension.swift in Sources */,
				68C077DF260FE62C00288022 /* NutritionFactsViewController.swift in Sources */,
			);
			runOnlyForDeploymentPostprocessing = 0;
		};
		68635100260FD44100F66ADD /* Sources */ = {
			isa = PBXSourcesBuildPhase;
			buildActionMask = 2147483647;
			files = (
				68635109260FD44100F66ADD /* NutritionAnalysisTests.swift in Sources */,
				6876DAB52612AD81006D89E1 /* NewRecipeViewModelTests.swift in Sources */,
				6876DAA52612A4A0006D89E1 /* MockNutritionDetail.swift in Sources */,
				6876DAAA2612A6DD006D89E1 /* MockService.swift in Sources */,
			);
			runOnlyForDeploymentPostprocessing = 0;
		};
		6863510B260FD44100F66ADD /* Sources */ = {
			isa = PBXSourcesBuildPhase;
			buildActionMask = 2147483647;
			files = (
				68635114260FD44100F66ADD /* NutritionAnalysisUITests.swift in Sources */,
			);
			runOnlyForDeploymentPostprocessing = 0;
		};
/* End PBXSourcesBuildPhase section */

/* Begin PBXTargetDependency section */
		68635106260FD44100F66ADD /* PBXTargetDependency */ = {
			isa = PBXTargetDependency;
			target = 686350ED260FD44000F66ADD /* NutritionAnalysis */;
			targetProxy = 68635105260FD44100F66ADD /* PBXContainerItemProxy */;
		};
		68635111260FD44100F66ADD /* PBXTargetDependency */ = {
			isa = PBXTargetDependency;
			target = 686350ED260FD44000F66ADD /* NutritionAnalysis */;
			targetProxy = 68635110260FD44100F66ADD /* PBXContainerItemProxy */;
		};
/* End PBXTargetDependency section */

/* Begin PBXVariantGroup section */
		686350F7260FD44000F66ADD /* Main.storyboard */ = {
			isa = PBXVariantGroup;
			children = (
				686350F8260FD44000F66ADD /* Base */,
			);
			name = Main.storyboard;
			sourceTree = "<group>";
		};
		686350FC260FD44100F66ADD /* LaunchScreen.storyboard */ = {
			isa = PBXVariantGroup;
			children = (
				686350FD260FD44100F66ADD /* Base */,
			);
			name = LaunchScreen.storyboard;
			sourceTree = "<group>";
		};
/* End PBXVariantGroup section */

/* Begin XCBuildConfiguration section */
		68635116260FD44100F66ADD /* Debug */ = {
			isa = XCBuildConfiguration;
			buildSettings = {
				ALWAYS_SEARCH_USER_PATHS = NO;
				CLANG_ANALYZER_NONNULL = YES;
				CLANG_ANALYZER_NUMBER_OBJECT_CONVERSION = YES_AGGRESSIVE;
				CLANG_CXX_LANGUAGE_STANDARD = "gnu++14";
				CLANG_CXX_LIBRARY = "libc++";
				CLANG_ENABLE_MODULES = YES;
				CLANG_ENABLE_OBJC_ARC = YES;
				CLANG_ENABLE_OBJC_WEAK = YES;
				CLANG_WARN_BLOCK_CAPTURE_AUTORELEASING = YES;
				CLANG_WARN_BOOL_CONVERSION = YES;
				CLANG_WARN_COMMA = YES;
				CLANG_WARN_CONSTANT_CONVERSION = YES;
				CLANG_WARN_DEPRECATED_OBJC_IMPLEMENTATIONS = YES;
				CLANG_WARN_DIRECT_OBJC_ISA_USAGE = YES_ERROR;
				CLANG_WARN_DOCUMENTATION_COMMENTS = YES;
				CLANG_WARN_EMPTY_BODY = YES;
				CLANG_WARN_ENUM_CONVERSION = YES;
				CLANG_WARN_INFINITE_RECURSION = YES;
				CLANG_WARN_INT_CONVERSION = YES;
				CLANG_WARN_NON_LITERAL_NULL_CONVERSION = YES;
				CLANG_WARN_OBJC_IMPLICIT_RETAIN_SELF = YES;
				CLANG_WARN_OBJC_LITERAL_CONVERSION = YES;
				CLANG_WARN_OBJC_ROOT_CLASS = YES_ERROR;
				CLANG_WARN_QUOTED_INCLUDE_IN_FRAMEWORK_HEADER = YES;
				CLANG_WARN_RANGE_LOOP_ANALYSIS = YES;
				CLANG_WARN_STRICT_PROTOTYPES = YES;
				CLANG_WARN_SUSPICIOUS_MOVE = YES;
				CLANG_WARN_UNGUARDED_AVAILABILITY = YES_AGGRESSIVE;
				CLANG_WARN_UNREACHABLE_CODE = YES;
				CLANG_WARN__DUPLICATE_METHOD_MATCH = YES;
				COPY_PHASE_STRIP = NO;
				DEBUG_INFORMATION_FORMAT = dwarf;
				ENABLE_STRICT_OBJC_MSGSEND = YES;
				ENABLE_TESTABILITY = YES;
				GCC_C_LANGUAGE_STANDARD = gnu11;
				GCC_DYNAMIC_NO_PIC = NO;
				GCC_NO_COMMON_BLOCKS = YES;
				GCC_OPTIMIZATION_LEVEL = 0;
				GCC_PREPROCESSOR_DEFINITIONS = (
					"DEBUG=1",
					"$(inherited)",
				);
				GCC_WARN_64_TO_32_BIT_CONVERSION = YES;
				GCC_WARN_ABOUT_RETURN_TYPE = YES_ERROR;
				GCC_WARN_UNDECLARED_SELECTOR = YES;
				GCC_WARN_UNINITIALIZED_AUTOS = YES_AGGRESSIVE;
				GCC_WARN_UNUSED_FUNCTION = YES;
				GCC_WARN_UNUSED_VARIABLE = YES;
				IPHONEOS_DEPLOYMENT_TARGET = 14.4;
				MTL_ENABLE_DEBUG_INFO = INCLUDE_SOURCE;
				MTL_FAST_MATH = YES;
				ONLY_ACTIVE_ARCH = YES;
				SDKROOT = iphoneos;
				SWIFT_ACTIVE_COMPILATION_CONDITIONS = DEBUG;
				SWIFT_OPTIMIZATION_LEVEL = "-Onone";
			};
			name = Debug;
		};
		68635117260FD44100F66ADD /* Release */ = {
			isa = XCBuildConfiguration;
			buildSettings = {
				ALWAYS_SEARCH_USER_PATHS = NO;
				CLANG_ANALYZER_NONNULL = YES;
				CLANG_ANALYZER_NUMBER_OBJECT_CONVERSION = YES_AGGRESSIVE;
				CLANG_CXX_LANGUAGE_STANDARD = "gnu++14";
				CLANG_CXX_LIBRARY = "libc++";
				CLANG_ENABLE_MODULES = YES;
				CLANG_ENABLE_OBJC_ARC = YES;
				CLANG_ENABLE_OBJC_WEAK = YES;
				CLANG_WARN_BLOCK_CAPTURE_AUTORELEASING = YES;
				CLANG_WARN_BOOL_CONVERSION = YES;
				CLANG_WARN_COMMA = YES;
				CLANG_WARN_CONSTANT_CONVERSION = YES;
				CLANG_WARN_DEPRECATED_OBJC_IMPLEMENTATIONS = YES;
				CLANG_WARN_DIRECT_OBJC_ISA_USAGE = YES_ERROR;
				CLANG_WARN_DOCUMENTATION_COMMENTS = YES;
				CLANG_WARN_EMPTY_BODY = YES;
				CLANG_WARN_ENUM_CONVERSION = YES;
				CLANG_WARN_INFINITE_RECURSION = YES;
				CLANG_WARN_INT_CONVERSION = YES;
				CLANG_WARN_NON_LITERAL_NULL_CONVERSION = YES;
				CLANG_WARN_OBJC_IMPLICIT_RETAIN_SELF = YES;
				CLANG_WARN_OBJC_LITERAL_CONVERSION = YES;
				CLANG_WARN_OBJC_ROOT_CLASS = YES_ERROR;
				CLANG_WARN_QUOTED_INCLUDE_IN_FRAMEWORK_HEADER = YES;
				CLANG_WARN_RANGE_LOOP_ANALYSIS = YES;
				CLANG_WARN_STRICT_PROTOTYPES = YES;
				CLANG_WARN_SUSPICIOUS_MOVE = YES;
				CLANG_WARN_UNGUARDED_AVAILABILITY = YES_AGGRESSIVE;
				CLANG_WARN_UNREACHABLE_CODE = YES;
				CLANG_WARN__DUPLICATE_METHOD_MATCH = YES;
				COPY_PHASE_STRIP = NO;
				DEBUG_INFORMATION_FORMAT = "dwarf-with-dsym";
				ENABLE_NS_ASSERTIONS = NO;
				ENABLE_STRICT_OBJC_MSGSEND = YES;
				GCC_C_LANGUAGE_STANDARD = gnu11;
				GCC_NO_COMMON_BLOCKS = YES;
				GCC_WARN_64_TO_32_BIT_CONVERSION = YES;
				GCC_WARN_ABOUT_RETURN_TYPE = YES_ERROR;
				GCC_WARN_UNDECLARED_SELECTOR = YES;
				GCC_WARN_UNINITIALIZED_AUTOS = YES_AGGRESSIVE;
				GCC_WARN_UNUSED_FUNCTION = YES;
				GCC_WARN_UNUSED_VARIABLE = YES;
				IPHONEOS_DEPLOYMENT_TARGET = 14.4;
				MTL_ENABLE_DEBUG_INFO = NO;
				MTL_FAST_MATH = YES;
				SDKROOT = iphoneos;
				SWIFT_COMPILATION_MODE = wholemodule;
				SWIFT_OPTIMIZATION_LEVEL = "-O";
				VALIDATE_PRODUCT = YES;
			};
			name = Release;
		};
		68635119260FD44100F66ADD /* Debug */ = {
			isa = XCBuildConfiguration;
			baseConfigurationReference = 2A96C9CF8BE549DF7B2685E9 /* Pods-NutritionAnalysis.debug.xcconfig */;
			buildSettings = {
				ASSETCATALOG_COMPILER_APPICON_NAME = AppIcon;
				ASSETCATALOG_COMPILER_GLOBAL_ACCENT_COLOR_NAME = AccentColor;
				CODE_SIGN_STYLE = Automatic;
				DEVELOPMENT_TEAM = WZKR6MWVF2;
				INFOPLIST_FILE = NutritionAnalysis/Info.plist;
				LD_RUNPATH_SEARCH_PATHS = (
					"$(inherited)",
					"@executable_path/Frameworks",
				);
				PRODUCT_BUNDLE_IDENTIFIER = "com.asset-technology.NutritionAnalysis";
				PRODUCT_NAME = "$(TARGET_NAME)";
				SWIFT_VERSION = 5.0;
				TARGETED_DEVICE_FAMILY = "1,2";
			};
			name = Debug;
		};
		6863511A260FD44100F66ADD /* Release */ = {
			isa = XCBuildConfiguration;
			baseConfigurationReference = 2A4F3F83DA53FE4B86EEB6C3 /* Pods-NutritionAnalysis.release.xcconfig */;
			buildSettings = {
				ASSETCATALOG_COMPILER_APPICON_NAME = AppIcon;
				ASSETCATALOG_COMPILER_GLOBAL_ACCENT_COLOR_NAME = AccentColor;
				CODE_SIGN_STYLE = Automatic;
				DEVELOPMENT_TEAM = WZKR6MWVF2;
				INFOPLIST_FILE = NutritionAnalysis/Info.plist;
				LD_RUNPATH_SEARCH_PATHS = (
					"$(inherited)",
					"@executable_path/Frameworks",
				);
				PRODUCT_BUNDLE_IDENTIFIER = "com.asset-technology.NutritionAnalysis";
				PRODUCT_NAME = "$(TARGET_NAME)";
				SWIFT_VERSION = 5.0;
				TARGETED_DEVICE_FAMILY = "1,2";
			};
			name = Release;
		};
		6863511C260FD44100F66ADD /* Debug */ = {
			isa = XCBuildConfiguration;
			baseConfigurationReference = 1F3FB63BB5E7B8ADCEBCB0D6 /* Pods-NutritionAnalysisTests.debug.xcconfig */;
			buildSettings = {
				ALWAYS_EMBED_SWIFT_STANDARD_LIBRARIES = YES;
				BUNDLE_LOADER = "$(TEST_HOST)";
				CODE_SIGN_STYLE = Automatic;
				DEVELOPMENT_TEAM = WZKR6MWVF2;
				INFOPLIST_FILE = NutritionAnalysisTests/Info.plist;
				IPHONEOS_DEPLOYMENT_TARGET = 14.4;
				LD_RUNPATH_SEARCH_PATHS = (
					"$(inherited)",
					"@executable_path/Frameworks",
					"@loader_path/Frameworks",
				);
				PRODUCT_BUNDLE_IDENTIFIER = "com.asset-technology.NutritionAnalysisTests";
				PRODUCT_NAME = "$(TARGET_NAME)";
				SWIFT_VERSION = 5.0;
				TARGETED_DEVICE_FAMILY = "1,2";
				TEST_HOST = "$(BUILT_PRODUCTS_DIR)/NutritionAnalysis.app/NutritionAnalysis";
			};
			name = Debug;
		};
		6863511D260FD44100F66ADD /* Release */ = {
			isa = XCBuildConfiguration;
			baseConfigurationReference = D5AAE8FCECAE19034D9EB9B1 /* Pods-NutritionAnalysisTests.release.xcconfig */;
			buildSettings = {
				ALWAYS_EMBED_SWIFT_STANDARD_LIBRARIES = YES;
				BUNDLE_LOADER = "$(TEST_HOST)";
				CODE_SIGN_STYLE = Automatic;
				DEVELOPMENT_TEAM = WZKR6MWVF2;
				INFOPLIST_FILE = NutritionAnalysisTests/Info.plist;
				IPHONEOS_DEPLOYMENT_TARGET = 14.4;
				LD_RUNPATH_SEARCH_PATHS = (
					"$(inherited)",
					"@executable_path/Frameworks",
					"@loader_path/Frameworks",
				);
				PRODUCT_BUNDLE_IDENTIFIER = "com.asset-technology.NutritionAnalysisTests";
				PRODUCT_NAME = "$(TARGET_NAME)";
				SWIFT_VERSION = 5.0;
				TARGETED_DEVICE_FAMILY = "1,2";
				TEST_HOST = "$(BUILT_PRODUCTS_DIR)/NutritionAnalysis.app/NutritionAnalysis";
			};
			name = Release;
		};
		6863511F260FD44100F66ADD /* Debug */ = {
			isa = XCBuildConfiguration;
			baseConfigurationReference = 56403CE78ACD5CC60DA0C1B1 /* Pods-NutritionAnalysis-NutritionAnalysisUITests.debug.xcconfig */;
			buildSettings = {
				ALWAYS_EMBED_SWIFT_STANDARD_LIBRARIES = YES;
				CODE_SIGN_STYLE = Automatic;
				DEVELOPMENT_TEAM = WZKR6MWVF2;
				INFOPLIST_FILE = NutritionAnalysisUITests/Info.plist;
				LD_RUNPATH_SEARCH_PATHS = (
					"$(inherited)",
					"@executable_path/Frameworks",
					"@loader_path/Frameworks",
				);
				PRODUCT_BUNDLE_IDENTIFIER = "com.asset-technology.NutritionAnalysisUITests";
				PRODUCT_NAME = "$(TARGET_NAME)";
				SWIFT_VERSION = 5.0;
				TARGETED_DEVICE_FAMILY = "1,2";
				TEST_TARGET_NAME = NutritionAnalysis;
			};
			name = Debug;
		};
		68635120260FD44100F66ADD /* Release */ = {
			isa = XCBuildConfiguration;
			baseConfigurationReference = 10076E93C453255239A60429 /* Pods-NutritionAnalysis-NutritionAnalysisUITests.release.xcconfig */;
			buildSettings = {
				ALWAYS_EMBED_SWIFT_STANDARD_LIBRARIES = YES;
				CODE_SIGN_STYLE = Automatic;
				DEVELOPMENT_TEAM = WZKR6MWVF2;
				INFOPLIST_FILE = NutritionAnalysisUITests/Info.plist;
				LD_RUNPATH_SEARCH_PATHS = (
					"$(inherited)",
					"@executable_path/Frameworks",
					"@loader_path/Frameworks",
				);
				PRODUCT_BUNDLE_IDENTIFIER = "com.asset-technology.NutritionAnalysisUITests";
				PRODUCT_NAME = "$(TARGET_NAME)";
				SWIFT_VERSION = 5.0;
				TARGETED_DEVICE_FAMILY = "1,2";
				TEST_TARGET_NAME = NutritionAnalysis;
			};
			name = Release;
		};
/* End XCBuildConfiguration section */

/* Begin XCConfigurationList section */
		686350E9260FD43F00F66ADD /* Build configuration list for PBXProject "NutritionAnalysis" */ = {
			isa = XCConfigurationList;
			buildConfigurations = (
				68635116260FD44100F66ADD /* Debug */,
				68635117260FD44100F66ADD /* Release */,
			);
			defaultConfigurationIsVisible = 0;
			defaultConfigurationName = Release;
		};
		68635118260FD44100F66ADD /* Build configuration list for PBXNativeTarget "NutritionAnalysis" */ = {
			isa = XCConfigurationList;
			buildConfigurations = (
				68635119260FD44100F66ADD /* Debug */,
				6863511A260FD44100F66ADD /* Release */,
			);
			defaultConfigurationIsVisible = 0;
			defaultConfigurationName = Release;
		};
		6863511B260FD44100F66ADD /* Build configuration list for PBXNativeTarget "NutritionAnalysisTests" */ = {
			isa = XCConfigurationList;
			buildConfigurations = (
				6863511C260FD44100F66ADD /* Debug */,
				6863511D260FD44100F66ADD /* Release */,
			);
			defaultConfigurationIsVisible = 0;
			defaultConfigurationName = Release;
		};
		6863511E260FD44100F66ADD /* Build configuration list for PBXNativeTarget "NutritionAnalysisUITests" */ = {
			isa = XCConfigurationList;
			buildConfigurations = (
				6863511F260FD44100F66ADD /* Debug */,
				68635120260FD44100F66ADD /* Release */,
			);
			defaultConfigurationIsVisible = 0;
			defaultConfigurationName = Release;
		};
/* End XCConfigurationList section */
	};
	rootObject = 686350E6260FD43F00F66ADD /* Project object */;
}
